{
  "originHash" : "7614fa72c7d18b65c772b9ddedc2e6073be5c00bf48e88579f2b1f7cc4e33981",
  "pins" : [
    {
      "identity" : "awake",
      "kind" : "remoteSourceControl",
      "location" : "https://github.com/jesper-lindberg/Awake",
      "state" : {
        "branch" : "master",
        "revision" : "caa1316d9b8f1e9ffee7ceb99254a149488f93a9"
      }
    },
    {
      "identity" : "codescanner",
      "kind" : "remoteSourceControl",
      "location" : "https://github.com/twostraws/CodeScanner",
      "state" : {
        "revision" : "944a6a1ca030dbd890e647a678e718fc2115d35c",
        "version" : "2.4.1"
      }
    },
    {
      "identity" : "haptica",
      "kind" : "remoteSourceControl",
      "location" : "https://github.com/efremidze/Haptica",
      "state" : {
        "revision" : "e03932406d2f36f10beefd31717730b2c2fa9014",
        "version" : "3.0.3"
      }
    },
    {
      "identity" : "lan-scanner",
      "kind" : "remoteSourceControl",
      "location" : "https://github.com/siveryt/lan-scanner",
      "state" : {
        "branch" : "develop",
        "revision" : "72b828f66db470f093d7d41f8b3eec1e707d60e9"
      }
    },
    {
      "identity" : "marqueetext",
      "kind" : "remoteSourceControl",
      "location" : "https://github.com/siveryt/MarqueeText",
      "state" : {
        "branch" : "master",
        "revision" : "644f967792b4ea4b037bc034bb2d93391ca4a8af"
      }
    },
    {
      "identity" : "romannumeralkit",
      "kind" : "remoteSourceControl",
      "location" : "https://github.com/kylehughes/RomanNumeralKit",
      "state" : {
        "revision" : "738d9ea027823f0ed592a10e4c6ecbf08636f76f",
        "version" : "1.2.1"
      }
    },
    {
      "identity" : "swift-async-dns-resolver",
      "kind" : "remoteSourceControl",
      "location" : "https://github.com/apple/swift-async-dns-resolver",
      "state" : {
        "revision" : "08c07ff31a745ee5e522ac10132fb4949834d925",
        "version" : "0.4.0"
      }
    },
    {
      "identity" : "swifter",
      "kind" : "remoteSourceControl",
      "location" : "https://github.com/httpswift/swifter.git",
      "state" : {
        "revision" : "9483a5d459b45c3ffd059f7b55f9638e268632fd",
        "version" : "1.5.0"
      }
    },
    {
      "identity" : "swiftui-apple-watch-decimal-pad",
      "kind" : "remoteSourceControl",
      "location" : "https://github.com/ApplebaumIan/SwiftUI-Apple-Watch-Decimal-Pad.git",
      "state" : {
        "revision" : "9053d7c278be988e51ec4fbcfd4aa32cc24bf309",
        "version" : "1.0.4"
      }
    },
    {
      "identity" : "swiftyping",
      "kind" : "remoteSourceControl",
      "location" : "https://github.com/samiyr/SwiftyPing.git",
      "state" : {
        "branch" : "master",
        "revision" : "05591bc0047e41e0e1d98135c6bc457192a72d39"
      }
    },
    {
      "identity" : "toastswiftui",
      "kind" : "remoteSourceControl",
      "location" : "https://github.com/huynguyencong/ToastSwiftUI.git",
      "state" : {
        "branch" : "master",
        "revision" : "7fb1cb8f79cdea539b9d4037bc6b39f1144b114d"
      }
    },
    {
      "identity" : "whatsnewkit",
      "kind" : "remoteSourceControl",
      "location" : "https://github.com/SvenTiigi/WhatsNewKit.git",
      "state" : {
        "revision" : "6157c77e8be9b3d2310bc680681b61a8d9e290ac",
        "version" : "2.2.1"
      }
    }
  ],
  "version" : 3
}
